
Microsoft Visual Studio Solution File, Format Version 12.00
# Visual Studio Version 17
VisualStudioVersion = 17.14.35906.104
MinimumVisualStudioVersion = 10.0.40219.1
Project("{FAE04EC0-301F-11D3-BF4B-00C04F79EFBC}") = "Module.17.HW", "Module.17.HW\Module.17.HW.csproj", "{17EE6E94-C042-40ED-9406-11960CE959AA}"
EndProject
Project("{FAE04EC0-301F-11D3-BF4B-00C04F79EFBC}") = "Module.17.Tests", "Module.17.Tests\Module.17.Tests.csproj", "{E5C44278-6D0D-4963-A1C6-98C5B64E1118}"
EndProject
Global
	GlobalSection(SolutionConfigurationPlatforms) = preSolution
		Debug|Any CPU = Debug|Any CPU
		Release|Any CPU = Release|Any CPU
	EndGlobalSection
	GlobalSection(ProjectConfigurationPlatforms) = postSolution
		{17EE6E94-C042-40ED-9406-11960CE959AA}.Debug|Any CPU.ActiveCfg = Debug|Any CPU
		{17EE6E94-C042-40ED-9406-11960CE959AA}.Debug|Any CPU.Build.0 = Debug|Any CPU
		{17EE6E94-C042-40ED-9406-11960CE959AA}.Release|Any CPU.ActiveCfg = Release|Any CPU
		{17EE6E94-C042-40ED-9406-11960CE959AA}.Release|Any CPU.Build.0 = Release|Any CPU
		{E5C44278-6D0D-4963-A1C6-98C5B64E1118}.Debug|Any CPU.ActiveCfg = Debug|Any CPU
		{E5C44278-6D0D-4963-A1C6-98C5B64E1118}.Debug|Any CPU.Build.0 = Debug|Any CPU
		{E5C44278-6D0D-4963-A1C6-98C5B64E1118}.Release|Any CPU.ActiveCfg = Release|Any CPU
		{E5C44278-6D0D-4963-A1C6-98C5B64E1118}.Release|Any CPU.Build.0 = Release|Any CPU
	EndGlobalSection
	GlobalSection(SolutionProperties) = preSolution
		HideSolutionNode = FALSE
	EndGlobalSection
	GlobalSection(ExtensibilityGlobals) = postSolution
		SolutionGuid = {665E5972-4B2F-494A-9A86-400A803E9C26}
	EndGlobalSection
EndGlobal
